{
  "requires": true,
  "lockfileVersion": 1,
  "dependencies": {
    "@vue/cli-plugin-vuex": {
      "version": "4.5.13",
      "resolved": "https://registry.npmjs.org/@vue/cli-plugin-vuex/-/cli-plugin-vuex-4.5.13.tgz",
      "integrity": "sha512-I1S9wZC7iI0Wn8kw8Zh+A2Qkf6s1M6vTGBkx8boXjuzfwEEyEHRxadsVCecZc8Mkpydo0nykj+MyYF96TKFuVA==",
      "dev": true
    }
  }
}
